
Microsoft Visual Studio Solution File, Format Version 12.00
# Visual Studio Version 17
VisualStudioVersion = 17.14.36616.10 d17.14
MinimumVisualStudioVersion = 10.0.40219.1
Project("{FAE04EC0-301F-11D3-BF4B-00C04F79EFBC}") = "Employee", "Employee.csproj", "{D181403D-37FC-4C7C-86E9-4F49989FE12C}"
EndProject
Global
	GlobalSection(SolutionConfigurationPlatforms) = preSolution
		Debug|Any CPU = Debug|Any CPU
		Release|Any CPU = Release|Any CPU
	EndGlobalSection
	GlobalSection(ProjectConfigurationPlatforms) = postSolution
		{D181403D-37FC-4C7C-86E9-4F49989FE12C}.Debug|Any CPU.ActiveCfg = Debug|Any CPU
		{D181403D-37FC-4C7C-86E9-4F49989FE12C}.Debug|Any CPU.Build.0 = Debug|Any CPU
		{D181403D-37FC-4C7C-86E9-4F49989FE12C}.Release|Any CPU.ActiveCfg = Release|Any CPU
		{D181403D-37FC-4C7C-86E9-4F49989FE12C}.Release|Any CPU.Build.0 = Release|Any CPU
	EndGlobalSection
	GlobalSection(SolutionProperties) = preSolution
		HideSolutionNode = FALSE
	EndGlobalSection
	GlobalSection(ExtensibilityGlobals) = postSolution
		SolutionGuid = {663FB6E6-C774-4E65-AC1D-0AD7E72E3C78}
	EndGlobalSection
EndGlobal
